{
	"name": "homebridge-solaredge-inverter",
	"version": "0.2.7",
	"lockfileVersion": 1,
	"requires": true,
	"dependencies": {
		"axios": {
			"version": "0.22.0",
			"resolved": "https://registry.npmjs.org/axios/-/axios-0.22.0.tgz",
			"integrity": "sha512-Z0U3uhqQeg1oNcihswf4ZD57O3NrR1+ZXhxaROaWpDmsDTx7T2HNBV2ulBtie2hwJptu8UvgnJoK+BIqdzh/1w==",
			"requires": {
				"follow-redirects": "^1.14.4"
			}
		},
		"axios-cache-adapter": {
			"version": "2.7.3",
			"resolved": "https://registry.npmjs.org/axios-cache-adapter/-/axios-cache-adapter-2.7.3.tgz",
			"integrity": "sha512-A+ZKJ9lhpjthOEp4Z3QR/a9xC4du1ALaAsejgRGrH9ef6kSDxdFrhRpulqsh9khsEnwXxGfgpUuDp1YXMNMEiQ==",
			"requires": {
				"cache-control-esm": "1.0.0",
				"md5": "^2.2.1"
			}
		},
		"cache-control-esm": {
			"version": "1.0.0",
			"resolved": "https://registry.npmjs.org/cache-control-esm/-/cache-control-esm-1.0.0.tgz",
			"integrity": "sha512-Fa3UV4+eIk4EOih8FTV6EEsVKO0W5XWtNs6FC3InTfVz+EjurjPfDXY5wZDo/lxjDxg5RjNcurLyxEJBcEUx9g=="
		},
		"charenc": {
			"version": "0.0.2",
			"resolved": "https://registry.npmjs.org/charenc/-/charenc-0.0.2.tgz",
			"integrity": "sha1-wKHS86cJLgN3S/qD8UwPxXkKhmc="
		},
		"crypt": {
			"version": "0.0.2",
			"resolved": "https://registry.npmjs.org/crypt/-/crypt-0.0.2.tgz",
			"integrity": "sha1-iNf/fsDfuG9xPch7u0LQRNPmxBs="
		},
		"follow-redirects": {
			"version": "1.14.7",
			"resolved": "https://registry.npmjs.org/follow-redirects/-/follow-redirects-1.14.7.tgz",
			"integrity": "sha512-+hbxoLbFMbRKDwohX8GkTataGqO6Jb7jGwpAlwgy2bIz25XtRm7KEzJM76R1WiNT5SwZkX4Y75SwBolkpmE7iQ=="
		},
		"is-buffer": {
			"version": "1.1.6",
			"resolved": "https://registry.npmjs.org/is-buffer/-/is-buffer-1.1.6.tgz",
			"integrity": "sha512-NcdALwpXkTm5Zvvbk7owOUSvVvBKDgKP5/ewfXEznmQFfs4ZRmanOeKBTjRVjka3QFoN6XJ+9F3USqfHqTaU5w=="
		},
		"md5": {
			"version": "2.3.0",
			"resolved": "https://registry.npmjs.org/md5/-/md5-2.3.0.tgz",
			"integrity": "sha512-T1GITYmFaKuO91vxyoQMFETst+O71VUPEU3ze5GNzDm0OWdP8v1ziTaAEPUr/3kLsY3Sftgz242A1SetQiDL7g==",
			"requires": {
				"charenc": "0.0.2",
				"crypt": "0.0.2",
				"is-buffer": "~1.1.6"
			}
		}
	}
}
